
Microsoft Visual Studio Solution File, Format Version 12.00
# Visual Studio 15
VisualStudioVersion = 15.0.27004.2009
MinimumVisualStudioVersion = 10.0.40219.1
Project("{FAE04EC0-301F-11D3-BF4B-00C04F79EFBC}") = "CajaTwitt", "CajaTwitt\CajaTwitt.csproj", "{FD53A864-EB72-4AC5-B684-EDBD339E1480}"
EndProject
Global
	GlobalSection(SolutionConfigurationPlatforms) = preSolution
		Debug|Any CPU = Debug|Any CPU
		Release|Any CPU = Release|Any CPU
	EndGlobalSection
	GlobalSection(ProjectConfigurationPlatforms) = postSolution
		{FD53A864-EB72-4AC5-B684-EDBD339E1480}.Debug|Any CPU.ActiveCfg = Debug|Any CPU
		{FD53A864-EB72-4AC5-B684-EDBD339E1480}.Debug|Any CPU.Build.0 = Debug|Any CPU
		{FD53A864-EB72-4AC5-B684-EDBD339E1480}.Release|Any CPU.ActiveCfg = Release|Any CPU
		{FD53A864-EB72-4AC5-B684-EDBD339E1480}.Release|Any CPU.Build.0 = Release|Any CPU
	EndGlobalSection
	GlobalSection(SolutionProperties) = preSolution
		HideSolutionNode = FALSE
	EndGlobalSection
	GlobalSection(ExtensibilityGlobals) = postSolution
		SolutionGuid = {D305054E-22A3-445E-9F3D-CCD2169C36F9}
	EndGlobalSection
EndGlobal
