
Microsoft Visual Studio Solution File, Format Version 12.00
# Visual Studio 15
VisualStudioVersion = 15.0.27004.2009
MinimumVisualStudioVersion = 10.0.40219.1
Project("{FAE04EC0-301F-11D3-BF4B-00C04F79EFBC}") = "CajaNot", "CajaNot\CajaNot.csproj", "{5852BF7A-014F-4300-9701-31473AE15C9E}"
EndProject
Global
	GlobalSection(SolutionConfigurationPlatforms) = preSolution
		Debug|Any CPU = Debug|Any CPU
		Release|Any CPU = Release|Any CPU
	EndGlobalSection
	GlobalSection(ProjectConfigurationPlatforms) = postSolution
		{5852BF7A-014F-4300-9701-31473AE15C9E}.Debug|Any CPU.ActiveCfg = Debug|Any CPU
		{5852BF7A-014F-4300-9701-31473AE15C9E}.Debug|Any CPU.Build.0 = Debug|Any CPU
		{5852BF7A-014F-4300-9701-31473AE15C9E}.Release|Any CPU.ActiveCfg = Release|Any CPU
		{5852BF7A-014F-4300-9701-31473AE15C9E}.Release|Any CPU.Build.0 = Release|Any CPU
	EndGlobalSection
	GlobalSection(SolutionProperties) = preSolution
		HideSolutionNode = FALSE
	EndGlobalSection
	GlobalSection(ExtensibilityGlobals) = postSolution
		SolutionGuid = {C7EEF4EA-ED7D-4543-96E2-2EDCC15B5D94}
	EndGlobalSection
EndGlobal
